
Microsoft Visual Studio Solution File, Format Version 12.00
# Visual Studio 15
VisualStudioVersion = 15.0.27004.2005
MinimumVisualStudioVersion = 10.0.40219.1
Project("{8BC9CEB8-8B4A-11D0-8D11-00A0C91BC942}") = "SizeOfClass", "SizeOfClass.vcxproj", "{CECEE291-B40E-433F-B743-AE7995111254}"
EndProject
Global
	GlobalSection(SolutionConfigurationPlatforms) = preSolution
		Debug|x64 = Debug|x64
		Debug|x86 = Debug|x86
		Release|x64 = Release|x64
		Release|x86 = Release|x86
	EndGlobalSection
	GlobalSection(ProjectConfigurationPlatforms) = postSolution
		{CECEE291-B40E-433F-B743-AE7995111254}.Debug|x64.ActiveCfg = Debug|x64
		{CECEE291-B40E-433F-B743-AE7995111254}.Debug|x64.Build.0 = Debug|x64
		{CECEE291-B40E-433F-B743-AE7995111254}.Debug|x86.ActiveCfg = Debug|Win32
		{CECEE291-B40E-433F-B743-AE7995111254}.Debug|x86.Build.0 = Debug|Win32
		{CECEE291-B40E-433F-B743-AE7995111254}.Release|x64.ActiveCfg = Release|x64
		{CECEE291-B40E-433F-B743-AE7995111254}.Release|x64.Build.0 = Release|x64
		{CECEE291-B40E-433F-B743-AE7995111254}.Release|x86.ActiveCfg = Release|Win32
		{CECEE291-B40E-433F-B743-AE7995111254}.Release|x86.Build.0 = Release|Win32
	EndGlobalSection
	GlobalSection(SolutionProperties) = preSolution
		HideSolutionNode = FALSE
	EndGlobalSection
	GlobalSection(ExtensibilityGlobals) = postSolution
		SolutionGuid = {AF6A0EC8-2377-482F-B27B-AEE3D6B1241F}
	EndGlobalSection
EndGlobal
